
Microsoft Visual Studio Solution File, Format Version 11.00
# Visual Studio 2010
Project("{FAE04EC0-301F-11D3-BF4B-00C04F79EFBC}") = "Assembly-CSharp", "Assembly-CSharp.csproj", "{5af2c0d4-ed21-662a-5021-c74249f38000}"
EndProject
Project("{FAE04EC0-301F-11D3-BF4B-00C04F79EFBC}") = "Unity.XR.Interaction.Toolkit.Samples.StarterAssets", "Unity.XR.Interaction.Toolkit.Samples.StarterAssets.csproj", "{be24dbe2-6373-1699-b957-4ff459465c22}"
EndProject
Project("{FAE04EC0-301F-11D3-BF4B-00C04F79EFBC}") = "Unity.XR.Interaction.Toolkit.Samples.DeviceSimulator", "Unity.XR.Interaction.Toolkit.Samples.DeviceSimulator.csproj", "{e300555f-e707-b8b9-7e28-db0c0b4f8b13}"
EndProject
Global
	GlobalSection(SolutionConfigurationPlatforms) = preSolution
		Debug|Any CPU = Debug|Any CPU
	EndGlobalSection
	GlobalSection(ProjectConfigurationPlatforms) = postSolution
		{5af2c0d4-ed21-662a-5021-c74249f38000}.Debug|Any CPU.ActiveCfg = Debug|Any CPU
		{5af2c0d4-ed21-662a-5021-c74249f38000}.Debug|Any CPU.Build.0 = Debug|Any CPU
		{be24dbe2-6373-1699-b957-4ff459465c22}.Debug|Any CPU.ActiveCfg = Debug|Any CPU
		{be24dbe2-6373-1699-b957-4ff459465c22}.Debug|Any CPU.Build.0 = Debug|Any CPU
		{e300555f-e707-b8b9-7e28-db0c0b4f8b13}.Debug|Any CPU.ActiveCfg = Debug|Any CPU
		{e300555f-e707-b8b9-7e28-db0c0b4f8b13}.Debug|Any CPU.Build.0 = Debug|Any CPU
	EndGlobalSection
	GlobalSection(SolutionProperties) = preSolution
		HideSolutionNode = FALSE
	EndGlobalSection
EndGlobal
